
Microsoft Visual Studio Solution File, Format Version 12.00
# Visual Studio Version 16
VisualStudioVersion = 16.0.31205.134
MinimumVisualStudioVersion = 10.0.40219.1
Project("{FAE04EC0-301F-11D3-BF4B-00C04F79EFBC}") = "ReleaseToWater", "ReleaseToWater.csproj", "{AD3645F3-96BD-44CB-A7EF-FC9A798A9A66}"
EndProject
Global
	GlobalSection(SolutionConfigurationPlatforms) = preSolution
		Debug|Any CPU = Debug|Any CPU
		Release|Any CPU = Release|Any CPU
	EndGlobalSection
	GlobalSection(ProjectConfigurationPlatforms) = postSolution
		{AD3645F3-96BD-44CB-A7EF-FC9A798A9A66}.Debug|Any CPU.ActiveCfg = Debug|Any CPU
		{AD3645F3-96BD-44CB-A7EF-FC9A798A9A66}.Debug|Any CPU.Build.0 = Debug|Any CPU
		{AD3645F3-96BD-44CB-A7EF-FC9A798A9A66}.Release|Any CPU.ActiveCfg = Release|Any CPU
		{AD3645F3-96BD-44CB-A7EF-FC9A798A9A66}.Release|Any CPU.Build.0 = Release|Any CPU
	EndGlobalSection
	GlobalSection(SolutionProperties) = preSolution
		HideSolutionNode = FALSE
	EndGlobalSection
	GlobalSection(ExtensibilityGlobals) = postSolution
		SolutionGuid = {DA897ECB-DA8B-4A4B-9A1A-69A9F0F48401}
	EndGlobalSection
EndGlobal
